
Microsoft Visual Studio Solution File, Format Version 12.00
# Visual Studio Version 17
VisualStudioVersion = 17.2.32630.192
MinimumVisualStudioVersion = 10.0.40219.1
Project("{9A19103F-16F7-4668-BE54-9A1E7A4F7556}") = "AA.CommoditiesDashboard.APi", "AA.CommoditiesDashboard.APi\AA.CommoditiesDashboard.APi\AA.CommoditiesDashboard.APi.csproj", "{D3BB005C-EB70-41E5-ADDB-D79DB29C7A58}"
EndProject
Project("{9A19103F-16F7-4668-BE54-9A1E7A4F7556}") = "AA.CommoditiesDashboard.Application", "AA.CommoditiesDashboard.Application\AA.CommoditiesDashboard.Application.csproj", "{9DC8DB5E-FA7A-4312-AB78-812A832D7920}"
EndProject
Project("{9A19103F-16F7-4668-BE54-9A1E7A4F7556}") = "AA.CommiditesDashboard.Infrastructure", "AA.CommiditesDashboard.Infrastructure\AA.CommiditesDashboard.Infrastructure.csproj", "{44897AAC-1AFB-4A7F-8329-848C7D9E22E5}"
EndProject
Global
	GlobalSection(SolutionConfigurationPlatforms) = preSolution
		Debug|Any CPU = Debug|Any CPU
		Release|Any CPU = Release|Any CPU
	EndGlobalSection
	GlobalSection(ProjectConfigurationPlatforms) = postSolution
		{D3BB005C-EB70-41E5-ADDB-D79DB29C7A58}.Debug|Any CPU.ActiveCfg = Debug|Any CPU
		{D3BB005C-EB70-41E5-ADDB-D79DB29C7A58}.Debug|Any CPU.Build.0 = Debug|Any CPU
		{D3BB005C-EB70-41E5-ADDB-D79DB29C7A58}.Release|Any CPU.ActiveCfg = Release|Any CPU
		{D3BB005C-EB70-41E5-ADDB-D79DB29C7A58}.Release|Any CPU.Build.0 = Release|Any CPU
		{9DC8DB5E-FA7A-4312-AB78-812A832D7920}.Debug|Any CPU.ActiveCfg = Debug|Any CPU
		{9DC8DB5E-FA7A-4312-AB78-812A832D7920}.Debug|Any CPU.Build.0 = Debug|Any CPU
		{9DC8DB5E-FA7A-4312-AB78-812A832D7920}.Release|Any CPU.ActiveCfg = Release|Any CPU
		{9DC8DB5E-FA7A-4312-AB78-812A832D7920}.Release|Any CPU.Build.0 = Release|Any CPU
		{44897AAC-1AFB-4A7F-8329-848C7D9E22E5}.Debug|Any CPU.ActiveCfg = Debug|Any CPU
		{44897AAC-1AFB-4A7F-8329-848C7D9E22E5}.Debug|Any CPU.Build.0 = Debug|Any CPU
		{44897AAC-1AFB-4A7F-8329-848C7D9E22E5}.Release|Any CPU.ActiveCfg = Release|Any CPU
		{44897AAC-1AFB-4A7F-8329-848C7D9E22E5}.Release|Any CPU.Build.0 = Release|Any CPU
	EndGlobalSection
	GlobalSection(SolutionProperties) = preSolution
		HideSolutionNode = FALSE
	EndGlobalSection
	GlobalSection(ExtensibilityGlobals) = postSolution
		SolutionGuid = {E1089041-E8F8-4D41-A1C6-1B77ACCBCE18}
	EndGlobalSection
EndGlobal
